
Microsoft Visual Studio Solution File, Format Version 12.00
# Visual Studio 2012
Project("{8BC9CEB8-8B4A-11D0-8D11-00A0C91BC942}") = "Project10", "Project10\Project10.vcxproj", "{F57688A8-7AD2-4A7D-9DB4-FDB428BCF2C5}"
EndProject
Global
	GlobalSection(SolutionConfigurationPlatforms) = preSolution
		Debug|Win32 = Debug|Win32
		Release|Win32 = Release|Win32
	EndGlobalSection
	GlobalSection(ProjectConfigurationPlatforms) = postSolution
		{F57688A8-7AD2-4A7D-9DB4-FDB428BCF2C5}.Debug|Win32.ActiveCfg = Debug|Win32
		{F57688A8-7AD2-4A7D-9DB4-FDB428BCF2C5}.Debug|Win32.Build.0 = Debug|Win32
		{F57688A8-7AD2-4A7D-9DB4-FDB428BCF2C5}.Release|Win32.ActiveCfg = Release|Win32
		{F57688A8-7AD2-4A7D-9DB4-FDB428BCF2C5}.Release|Win32.Build.0 = Release|Win32
	EndGlobalSection
	GlobalSection(SolutionProperties) = preSolution
		HideSolutionNode = FALSE
	EndGlobalSection
EndGlobal
